# This file was autogenerated by Stack.
# You should not edit this file by hand.
# For more information, please see the documentation at:
#   https://docs.haskellstack.org/en/stable/lock_files

packages:
- completed:
    hackage: cautious-0.3.0.0@sha256:fab9fd86a7f7e2d2688a7d9575dfb5fc66b32d8b53881b11f4c0447c6452ed43,1408
    pantry-tree:
      size: 336
      sha256: 0b596a58f3d94d744ca069b3ae4993145205d781796e8711fdf298b191ff2996
  original:
    hackage: cautious-0.3.0.0
- completed:
    hackage: cautious-gen-0.0.0.0@sha256:f7a70a41b044d890918b94edde20bbd4b32cc524f4cf44e5aae9325bbfff2158,1546
    pantry-tree:
      size: 393
      sha256: 477e23251045d4fb97f4cc36483aa2ed649c17ee300aa0f85fbd971649e7f19d
  original:
    hackage: cautious-gen-0.0.0.0
- completed:
    hackage: sockaddr-0.0.0@sha256:abd855de908f0b846409335d60ffc69b279ff869f9575fb85934f4fe0d378867,787
    pantry-tree:
      size: 211
      sha256: ac08a6cca9965996f2573311d91db4c2426322be2f5a8ddeb1d38d79ba5d2774
  original:
    hackage: sockaddr-0.0.0
- completed:
    cabal-file:
      size: 1804
      sha256: 468fb2bf606b18a191fdd0b2977867af55ab503e0357de3355d2af8695225cf7
    name: wai-git-http
    version: 0.0.0
    git: https://github.com/NorfairKing/wai-git-http
    pantry-tree:
      size: 684
      sha256: 4590ec5125b016663c11c835211aec548f93b0ac356491b4615b1c1f450f130f
    commit: 6da3d87d9227e233d351e1df935a92171551e3ef
  original:
    git: https://github.com/NorfairKing/wai-git-http
    commit: 6da3d87d9227e233d351e1df935a92171551e3ef
- completed:
    subdir: typed-uuid
    cabal-file:
      size: 1291
      sha256: 103eb6ad6ce4e53f270754e89cd62a44b75fd61a0665ea662e495ebdb375ce4b
    name: typed-uuid
    version: 0.0.0.1
    git: https://github.com/NorfairKing/typed-uuid.git
    pantry-tree:
      size: 308
      sha256: 5f77a1e32448368df62e17a78997b20b678e7fcdf4a97287314c53b8dc01fc91
    commit: 155c9ec880ca1c12f7dd8a8468b3626de8164823
  original:
    subdir: typed-uuid
    git: https://github.com/NorfairKing/typed-uuid.git
    commit: 155c9ec880ca1c12f7dd8a8468b3626de8164823
- completed:
    subdir: genvalidity-typed-uuid
    cabal-file:
      size: 1722
      sha256: 268b955d748753acb55bb46b8cd59848af3b6ecbbbfff5d261a7a94ed845e1a9
    name: genvalidity-typed-uuid
    version: 0.0.0.1
    git: https://github.com/NorfairKing/typed-uuid.git
    pantry-tree:
      size: 438
      sha256: 215f6522a33dd4534f654385ff8fd6d7f9427ee0e42bfa1a8d06ca8e22ba089a
    commit: 155c9ec880ca1c12f7dd8a8468b3626de8164823
  original:
    subdir: genvalidity-typed-uuid
    git: https://github.com/NorfairKing/typed-uuid.git
    commit: 155c9ec880ca1c12f7dd8a8468b3626de8164823
- completed:
    hackage: brick-0.47@sha256:4936c50acfdf09620dad5217fb384fc0d59626f75abed8b48250b419ec2ab623,13852
    pantry-tree:
      size: 3752
      sha256: 22f91953437e5bfa806b7b89b56f8297ec7ff05d11d1a2328a75204d45bfa1a6
  original:
    hackage: brick-0.47
- completed:
    hackage: config-ini-0.2.4.0@sha256:38a6d484d471c6fac81445de2eac8c4e8c82760962fca5491ae1c3bfca9c4047,3232
    pantry-tree:
      size: 886
      sha256: b608472507ec84e468f768acab36d8c85b46bcf918f2a60604fff46137160d2d
  original:
    hackage: config-ini-0.2.4.0@sha256:38a6d484d471c6fac81445de2eac8c4e8c82760962fca5491ae1c3bfca9c4047
- completed:
    hackage: data-clist-0.1.2.2@sha256:4d70add0a200a178853cd37c6469101bac3c36aebb3aa9c503ff225211b1a8c9,936
    pantry-tree:
      size: 219
      sha256: 1ebcc75682379366f03666c2de30d04ef49684b48bd4529afdc5bfa750b4af61
  original:
    hackage: data-clist-0.1.2.2@sha256:4d70add0a200a178853cd37c6469101bac3c36aebb3aa9c503ff225211b1a8c9
- completed:
    hackage: text-zipper-0.10.1@sha256:8b73a97a3717a17df9b0a722b178950c476ff2268ca5c583e99d010c94af849e,1471
    pantry-tree:
      size: 600
      sha256: ebd5f0e2fc8c59b1bde6706cef1fdb012d52bb26b3953a97a4fa6502f56cdd65
  original:
    hackage: text-zipper-0.10.1@sha256:8b73a97a3717a17df9b0a722b178950c476ff2268ca5c583e99d010c94af849e
- completed:
    hackage: word-wrap-0.4.1@sha256:f72233b383ef569c557bfd9812cbb8e306c415ce509082c0bd15ee51c0239ccc,1606
    pantry-tree:
      size: 423
      sha256: dcf5071895ee477e60e3c9de1e30eb711e11e9a7335db160616f80baeb20ad71
  original:
    hackage: word-wrap-0.4.1@sha256:f72233b383ef569c557bfd9812cbb8e306c415ce509082c0bd15ee51c0239ccc
- completed:
    hackage: git-0.3.0@sha256:dc070840ab24792c9664b9e3e69c9d55d30fc36fee41049c548bb0e8ec83c919,3448
    pantry-tree:
      size: 1900
      sha256: da2861008035f16e43f0c4ea293cec15e04b398c911fa99322d159e19cd0266e
  original:
    hackage: git-0.3.0
snapshots:
- completed:
    size: 497078
    url: https://raw.githubusercontent.com/commercialhaskell/stackage-snapshots/master/lts/13/14.yaml
    sha256: 9e5ba48e5188aeb52bb0df9bc65dbd858a12c33f5b8d495a3eb588dc9ffcb15a
  original: lts-13.14
